{
  "name": "javascript-avanzado-II-problema-main",
  "lockfileVersion": 3,
  "requires": true,
  "packages": {
    "": {
      "dependencies": {
        "@javiercm3/calculator": "^1.0.0"
      }
    },
    "node_modules/@javiercm3/calculator": {
      "version": "1.0.0",
      "resolved": "https://registry.npmjs.org/@javiercm3/calculator/-/calculator-1.0.0.tgz",
      "integrity": "sha512-Z+pPf5WpBoz2WjQyg6YYU906Wg7cg3MotLdAcWNMeOWlaxgSM6JHDl1aNtHgCP4rURDWiteJ21FvyXaD+aHJkQ=="
    }
  }
}
